
Microsoft Visual Studio Solution File, Format Version 12.00
# Visual Studio Version 16
VisualStudioVersion = 16.0.31105.61
MinimumVisualStudioVersion = 10.0.40219.1
Project("{FAE04EC0-301F-11D3-BF4B-00C04F79EFBC}") = "Asama2.Android", "Asama2\Asama2.Android\Asama2.Android.csproj", "{448A2AE0-1C45-442A-B2A2-1ED2AD699D6C}"
EndProject
Project("{9A19103F-16F7-4668-BE54-9A1E7A4F7556}") = "Asama2", "Asama2\Asama2\Asama2.csproj", "{0FAEE59B-D75A-4593-8D61-2EA05CFBFB16}"
EndProject
Global
	GlobalSection(SolutionConfigurationPlatforms) = preSolution
		Debug|Any CPU = Debug|Any CPU
		Release|Any CPU = Release|Any CPU
	EndGlobalSection
	GlobalSection(ProjectConfigurationPlatforms) = postSolution
		{448A2AE0-1C45-442A-B2A2-1ED2AD699D6C}.Debug|Any CPU.ActiveCfg = Debug|Any CPU
		{448A2AE0-1C45-442A-B2A2-1ED2AD699D6C}.Debug|Any CPU.Build.0 = Debug|Any CPU
		{448A2AE0-1C45-442A-B2A2-1ED2AD699D6C}.Debug|Any CPU.Deploy.0 = Debug|Any CPU
		{448A2AE0-1C45-442A-B2A2-1ED2AD699D6C}.Release|Any CPU.ActiveCfg = Release|Any CPU
		{448A2AE0-1C45-442A-B2A2-1ED2AD699D6C}.Release|Any CPU.Build.0 = Release|Any CPU
		{448A2AE0-1C45-442A-B2A2-1ED2AD699D6C}.Release|Any CPU.Deploy.0 = Release|Any CPU
		{0FAEE59B-D75A-4593-8D61-2EA05CFBFB16}.Debug|Any CPU.ActiveCfg = Debug|Any CPU
		{0FAEE59B-D75A-4593-8D61-2EA05CFBFB16}.Debug|Any CPU.Build.0 = Debug|Any CPU
		{0FAEE59B-D75A-4593-8D61-2EA05CFBFB16}.Debug|Any CPU.Deploy.0 = Debug|Any CPU
		{0FAEE59B-D75A-4593-8D61-2EA05CFBFB16}.Release|Any CPU.ActiveCfg = Release|Any CPU
		{0FAEE59B-D75A-4593-8D61-2EA05CFBFB16}.Release|Any CPU.Build.0 = Release|Any CPU
		{0FAEE59B-D75A-4593-8D61-2EA05CFBFB16}.Release|Any CPU.Deploy.0 = Release|Any CPU
	EndGlobalSection
	GlobalSection(SolutionProperties) = preSolution
		HideSolutionNode = FALSE
	EndGlobalSection
	GlobalSection(ExtensibilityGlobals) = postSolution
		SolutionGuid = {E95A21E4-2F94-45C8-99F3-C0B74BEF0566}
	EndGlobalSection
EndGlobal
